// !$*UTF8*$!
{
	archiveVersion = 1;
	classes = {
	};
	objectVersion = 50;
	objects = {

/* Begin PBXBuildFile section */
		68BAB75D243E0ADC00310AE4 /* AppDelegate.swift in Sources */ = {isa = PBXBuildFile; fileRef = 68BAB75C243E0ADC00310AE4 /* AppDelegate.swift */; };
		68BAB75F243E0ADC00310AE4 /* SceneDelegate.swift in Sources */ = {isa = PBXBuildFile; fileRef = 68BAB75E243E0ADC00310AE4 /* SceneDelegate.swift */; };
		68BAB761243E0ADC00310AE4 /* ViewController.swift in Sources */ = {isa = PBXBuildFile; fileRef = 68BAB760243E0ADC00310AE4 /* ViewController.swift */; };
		68BAB764243E0ADC00310AE4 /* Main.storyboard in Resources */ = {isa = PBXBuildFile; fileRef = 68BAB762243E0ADC00310AE4 /* Main.storyboard */; };
		68BAB766243E0ADF00310AE4 /* Assets.xcassets in Resources */ = {isa = PBXBuildFile; fileRef = 68BAB765243E0ADF00310AE4 /* Assets.xcassets */; };
		68BAB769243E0ADF00310AE4 /* LaunchScreen.storyboard in Resources */ = {isa = PBXBuildFile; fileRef = 68BAB767243E0ADF00310AE4 /* LaunchScreen.storyboard */; };
		68BAB774243E0ADF00310AE4 /* GettingStartedTests.swift in Sources */ = {isa = PBXBuildFile; fileRef = 68BAB773243E0ADF00310AE4 /* GettingStartedTests.swift */; };
		68BAB77F243E0ADF00310AE4 /* GettingStartedUITests.swift in Sources */ = {isa = PBXBuildFile; fileRef = 68BAB77E243E0ADF00310AE4 /* GettingStartedUITests.swift */; };
/* End PBXBuildFile section */

/* Begin PBXContainerItemProxy section */
		68BAB770243E0ADF00310AE4 /* PBXContainerItemProxy */ = {
			isa = PBXContainerItemProxy;
			containerPortal = 68BAB751243E0ADC00310AE4 /* Project object */;
			proxyType = 1;
			remoteGlobalIDString = 68BAB758243E0ADC00310AE4;
			remoteInfo = GettingStarted;
		};
		68BAB77B243E0ADF00310AE4 /* PBXContainerItemProxy */ = {
			isa = PBXContainerItemProxy;
			containerPortal = 68BAB751243E0ADC00310AE4 /* Project object */;
			proxyType = 1;
			remoteGlobalIDString = 68BAB758243E0ADC00310AE4;
			remoteInfo = GettingStarted;
		};
/* End PBXContainerItemProxy section */

/* Begin PBXFileReference section */
		68BAB759243E0ADC00310AE4 /* GettingStarted.app */ = {isa = PBXFileReference; explicitFileType = wrapper.application; includeInIndex = 0; path = GettingStarted.app; sourceTree = BUILT_PRODUCTS_DIR; };
		68BAB75C243E0ADC00310AE4 /* AppDelegate.swift */ = {isa = PBXFileReference; lastKnownFileType = sourcecode.swift; path = AppDelegate.swift; sourceTree = "<group>"; };
		68BAB75E243E0ADC00310AE4 /* SceneDelegate.swift */ = {isa = PBXFileReference; lastKnownFileType = sourcecode.swift; path = SceneDelegate.swift; sourceTree = "<group>"; };
		68BAB760243E0ADC00310AE4 /* ViewController.swift */ = {isa = PBXFileReference; lastKnownFileType = sourcecode.swift; path = ViewController.swift; sourceTree = "<group>"; };
		68BAB763243E0ADC00310AE4 /* Base */ = {isa = PBXFileReference; lastKnownFileType = file.storyboard; name = Base; path = Base.lproj/Main.storyboard; sourceTree = "<group>"; };
		68BAB765243E0ADF00310AE4 /* Assets.xcassets */ = {isa = PBXFileReference; lastKnownFileType = folder.assetcatalog; path = Assets.xcassets; sourceTree = "<group>"; };
		68BAB768243E0ADF00310AE4 /* Base */ = {isa = PBXFileReference; lastKnownFileType = file.storyboard; name = Base; path = Base.lproj/LaunchScreen.storyboard; sourceTree = "<group>"; };
		68BAB76A243E0ADF00310AE4 /* Info.plist */ = {isa = PBXFileReference; lastKnownFileType = text.plist.xml; path = Info.plist; sourceTree = "<group>"; };
		68BAB76F243E0ADF00310AE4 /* GettingStartedTests.xctest */ = {isa = PBXFileReference; explicitFileType = wrapper.cfbundle; includeInIndex = 0; path = GettingStartedTests.xctest; sourceTree = BUILT_PRODUCTS_DIR; };
		68BAB773243E0ADF00310AE4 /* GettingStartedTests.swift */ = {isa = PBXFileReference; lastKnownFileType = sourcecode.swift; path = GettingStartedTests.swift; sourceTree = "<group>"; };
		68BAB775243E0ADF00310AE4 /* Info.plist */ = {isa = PBXFileReference; lastKnownFileType = text.plist.xml; path = Info.plist; sourceTree = "<group>"; };
		68BAB77A243E0ADF00310AE4 /* GettingStartedUITests.xctest */ = {isa = PBXFileReference; explicitFileType = wrapper.cfbundle; includeInIndex = 0; path = GettingStartedUITests.xctest; sourceTree = BUILT_PRODUCTS_DIR; };
		68BAB77E243E0ADF00310AE4 /* GettingStartedUITests.swift */ = {isa = PBXFileReference; lastKnownFileType = sourcecode.swift; path = GettingStartedUITests.swift; sourceTree = "<group>"; };
		68BAB780243E0ADF00310AE4 /* Info.plist */ = {isa = PBXFileReference; lastKnownFileType = text.plist.xml; path = Info.plist; sourceTree = "<group>"; };
/* End PBXFileReference section */

/* Begin PBXFrameworksBuildPhase section */
		68BAB756243E0ADC00310AE4 /* Frameworks */ = {
			isa = PBXFrameworksBuildPhase;
			buildActionMask = 2147483647;
			files = (
			);
			runOnlyForDeploymentPostprocessing = 0;
		};
		68BAB76C243E0ADF00310AE4 /* Frameworks */ = {
			isa = PBXFrameworksBuildPhase;
			buildActionMask = 2147483647;
			files = (
			);
			runOnlyForDeploymentPostprocessing = 0;
		};
		68BAB777243E0ADF00310AE4 /* Frameworks */ = {
			isa = PBXFrameworksBuildPhase;
			buildActionMask = 2147483647;
			files = (
			);
			runOnlyForDeploymentPostprocessing = 0;
		};
/* End PBXFrameworksBuildPhase section */

/* Begin PBXGroup section */
		68BAB750243E0ADC00310AE4 = {
			isa = PBXGroup;
			children = (
				68BAB75B243E0ADC00310AE4 /* GettingStarted */,
				68BAB772243E0ADF00310AE4 /* GettingStartedTests */,
				68BAB77D243E0ADF00310AE4 /* GettingStartedUITests */,
				68BAB75A243E0ADC00310AE4 /* Products */,
			);
			sourceTree = "<group>";
		};
		68BAB75A243E0ADC00310AE4 /* Products */ = {
			isa = PBXGroup;
			children = (
				68BAB759243E0ADC00310AE4 /* GettingStarted.app */,
				68BAB76F243E0ADF00310AE4 /* GettingStartedTests.xctest */,
				68BAB77A243E0ADF00310AE4 /* GettingStartedUITests.xctest */,
			);
			name = Products;
			sourceTree = "<group>";
		};
		68BAB75B243E0ADC00310AE4 /* GettingStarted */ = {
			isa = PBXGroup;
			children = (
				68BAB75C243E0ADC00310AE4 /* AppDelegate.swift */,
				68BAB75E243E0ADC00310AE4 /* SceneDelegate.swift */,
				68BAB760243E0ADC00310AE4 /* ViewController.swift */,
				68BAB762243E0ADC00310AE4 /* Main.storyboard */,
				68BAB765243E0ADF00310AE4 /* Assets.xcassets */,
				68BAB767243E0ADF00310AE4 /* LaunchScreen.storyboard */,
				68BAB76A243E0ADF00310AE4 /* Info.plist */,
			);
			path = GettingStarted;
			sourceTree = "<group>";
		};
		68BAB772243E0ADF00310AE4 /* GettingStartedTests */ = {
			isa = PBXGroup;
			children = (
				68BAB773243E0ADF00310AE4 /* GettingStartedTests.swift */,
				68BAB775243E0ADF00310AE4 /* Info.plist */,
			);
			path = GettingStartedTests;
			sourceTree = "<group>";
		};
		68BAB77D243E0ADF00310AE4 /* GettingStartedUITests */ = {
			isa = PBXGroup;
			children = (
				68BAB77E243E0ADF00310AE4 /* GettingStartedUITests.swift */,
				68BAB780243E0ADF00310AE4 /* Info.plist */,
			);
			path = GettingStartedUITests;
			sourceTree = "<group>";
		};
/* End PBXGroup section */

/* Begin PBXNativeTarget section */
		68BAB758243E0ADC00310AE4 /* GettingStarted */ = {
			isa = PBXNativeTarget;
			buildConfigurationList = 68BAB783243E0ADF00310AE4 /* Build configuration list for PBXNativeTarget "GettingStarted" */;
			buildPhases = (
				68BAB755243E0ADC00310AE4 /* Sources */,
				68BAB756243E0ADC00310AE4 /* Frameworks */,
				68BAB757243E0ADC00310AE4 /* Resources */,
			);
			buildRules = (
			);
			dependencies = (
			);
			name = GettingStarted;
			productName = GettingStarted;
			productReference = 68BAB759243E0ADC00310AE4 /* GettingStarted.app */;
			productType = "com.apple.product-type.application";
		};
		68BAB76E243E0ADF00310AE4 /* GettingStartedTests */ = {
			isa = PBXNativeTarget;
			buildConfigurationList = 68BAB786243E0ADF00310AE4 /* Build configuration list for PBXNativeTarget "GettingStartedTests" */;
			buildPhases = (
				68BAB76B243E0ADF00310AE4 /* Sources */,
				68BAB76C243E0ADF00310AE4 /* Frameworks */,
				68BAB76D243E0ADF00310AE4 /* Resources */,
			);
			buildRules = (
			);
			dependencies = (
				68BAB771243E0ADF00310AE4 /* PBXTargetDependency */,
			);
			name = GettingStartedTests;
			productName = GettingStartedTests;
			productReference = 68BAB76F243E0ADF00310AE4 /* GettingStartedTests.xctest */;
			productType = "com.apple.product-type.bundle.unit-test";
		};
		68BAB779243E0ADF00310AE4 /* GettingStartedUITests */ = {
			isa = PBXNativeTarget;
			buildConfigurationList = 68BAB789243E0ADF00310AE4 /* Build configuration list for PBXNativeTarget "GettingStartedUITests" */;
			buildPhases = (
				68BAB776243E0ADF00310AE4 /* Sources */,
				68BAB777243E0ADF00310AE4 /* Frameworks */,
				68BAB778243E0ADF00310AE4 /* Resources */,
			);
			buildRules = (
			);
			dependencies = (
				68BAB77C243E0ADF00310AE4 /* PBXTargetDependency */,
			);
			name = GettingStartedUITests;
			productName = GettingStartedUITests;
			productReference = 68BAB77A243E0ADF00310AE4 /* GettingStartedUITests.xctest */;
			productType = "com.apple.product-type.bundle.ui-testing";
		};
/* End PBXNativeTarget section */

/* Begin PBXProject section */
		68BAB751243E0ADC00310AE4 /* Project object */ = {
			isa = PBXProject;
			attributes = {
				LastSwiftUpdateCheck = 1130;
				LastUpgradeCheck = 1130;
				ORGANIZATIONNAME = PragnyaDesh;
				TargetAttributes = {
					68BAB758243E0ADC00310AE4 = {
						CreatedOnToolsVersion = 11.3.1;
					};
					68BAB76E243E0ADF00310AE4 = {
						CreatedOnToolsVersion = 11.3.1;
						TestTargetID = 68BAB758243E0ADC00310AE4;
					};
					68BAB779243E0ADF00310AE4 = {
						CreatedOnToolsVersion = 11.3.1;
						TestTargetID = 68BAB758243E0ADC00310AE4;
					};
				};
			};
			buildConfigurationList = 68BAB754243E0ADC00310AE4 /* Build configuration list for PBXProject "GettingStarted" */;
			compatibilityVersion = "Xcode 9.3";
			developmentRegion = en;
			hasScannedForEncodings = 0;
			knownRegions = (
				en,
				Base,
			);
			mainGroup = 68BAB750243E0ADC00310AE4;
			productRefGroup = 68BAB75A243E0ADC00310AE4 /* Products */;
			projectDirPath = "";
			projectRoot = "";
			targets = (
				68BAB758243E0ADC00310AE4 /* GettingStarted */,
				68BAB76E243E0ADF00310AE4 /* GettingStartedTests */,
				68BAB779243E0ADF00310AE4 /* GettingStartedUITests */,
			);
		};
/* End PBXProject section */

/* Begin PBXResourcesBuildPhase section */
		68BAB757243E0ADC00310AE4 /* Resources */ = {
			isa = PBXResourcesBuildPhase;
			buildActionMask = 2147483647;
			files = (
				68BAB769243E0ADF00310AE4 /* LaunchScreen.storyboard in Resources */,
				68BAB766243E0ADF00310AE4 /* Assets.xcassets in Resources */,
				68BAB764243E0ADC00310AE4 /* Main.storyboard in Resources */,
			);
			runOnlyForDeploymentPostprocessing = 0;
		};
		68BAB76D243E0ADF00310AE4 /* Resources */ = {
			isa = PBXResourcesBuildPhase;
			buildActionMask = 2147483647;
			files = (
			);
			runOnlyForDeploymentPostprocessing = 0;
		};
		68BAB778243E0ADF00310AE4 /* Resources */ = {
			isa = PBXResourcesBuildPhase;
			buildActionMask = 2147483647;
			files = (
			);
			runOnlyForDeploymentPostprocessing = 0;
		};
/* End PBXResourcesBuildPhase section */

/* Begin PBXSourcesBuildPhase section */
		68BAB755243E0ADC00310AE4 /* Sources */ = {
			isa = PBXSourcesBuildPhase;
			buildActionMask = 2147483647;
			files = (
				68BAB761243E0ADC00310AE4 /* ViewController.swift in Sources */,
				68BAB75D243E0ADC00310AE4 /* AppDelegate.swift in Sources */,
				68BAB75F243E0ADC00310AE4 /* SceneDelegate.swift in Sources */,
			);
			runOnlyForDeploymentPostprocessing = 0;
		};
		68BAB76B243E0ADF00310AE4 /* Sources */ = {
			isa = PBXSourcesBuildPhase;
			buildActionMask = 2147483647;
			files = (
				68BAB774243E0ADF00310AE4 /* GettingStartedTests.swift in Sources */,
			);
			runOnlyForDeploymentPostprocessing = 0;
		};
		68BAB776243E0ADF00310AE4 /* Sources */ = {
			isa = PBXSourcesBuildPhase;
			buildActionMask = 2147483647;
			files = (
				68BAB77F243E0ADF00310AE4 /* GettingStartedUITests.swift in Sources */,
			);
			runOnlyForDeploymentPostprocessing = 0;
		};
/* End PBXSourcesBuildPhase section */

/* Begin PBXTargetDependency section */
		68BAB771243E0ADF00310AE4 /* PBXTargetDependency */ = {
			isa = PBXTargetDependency;
			target = 68BAB758243E0ADC00310AE4 /* GettingStarted */;
			targetProxy = 68BAB770243E0ADF00310AE4 /* PBXContainerItemProxy */;
		};
		68BAB77C243E0ADF00310AE4 /* PBXTargetDependency */ = {
			isa = PBXTargetDependency;
			target = 68BAB758243E0ADC00310AE4 /* GettingStarted */;
			targetProxy = 68BAB77B243E0ADF00310AE4 /* PBXContainerItemProxy */;
		};
/* End PBXTargetDependency section */

/* Begin PBXVariantGroup section */
		68BAB762243E0ADC00310AE4 /* Main.storyboard */ = {
			isa = PBXVariantGroup;
			children = (
				68BAB763243E0ADC00310AE4 /* Base */,
			);
			name = Main.storyboard;
			sourceTree = "<group>";
		};
		68BAB767243E0ADF00310AE4 /* LaunchScreen.storyboard */ = {
			isa = PBXVariantGroup;
			children = (
				68BAB768243E0ADF00310AE4 /* Base */,
			);
			name = LaunchScreen.storyboard;
			sourceTree = "<group>";
		};
/* End PBXVariantGroup section */

/* Begin XCBuildConfiguration section */
		68BAB781243E0ADF00310AE4 /* Debug */ = {
			isa = XCBuildConfiguration;
			buildSettings = {
				ALWAYS_SEARCH_USER_PATHS = NO;
				CLANG_ANALYZER_NONNULL = YES;
				CLANG_ANALYZER_NUMBER_OBJECT_CONVERSION = YES_AGGRESSIVE;
				CLANG_CXX_LANGUAGE_STANDARD = "gnu++14";
				CLANG_CXX_LIBRARY = "libc++";
				CLANG_ENABLE_MODULES = YES;
				CLANG_ENABLE_OBJC_ARC = YES;
				CLANG_ENABLE_OBJC_WEAK = YES;
				CLANG_WARN_BLOCK_CAPTURE_AUTORELEASING = YES;
				CLANG_WARN_BOOL_CONVERSION = YES;
				CLANG_WARN_COMMA = YES;
				CLANG_WARN_CONSTANT_CONVERSION = YES;
				CLANG_WARN_DEPRECATED_OBJC_IMPLEMENTATIONS = YES;
				CLANG_WARN_DIRECT_OBJC_ISA_USAGE = YES_ERROR;
				CLANG_WARN_DOCUMENTATION_COMMENTS = YES;
				CLANG_WARN_EMPTY_BODY = YES;
				CLANG_WARN_ENUM_CONVERSION = YES;
				CLANG_WARN_INFINITE_RECURSION = YES;
				CLANG_WARN_INT_CONVERSION = YES;
				CLANG_WARN_NON_LITERAL_NULL_CONVERSION = YES;
				CLANG_WARN_OBJC_IMPLICIT_RETAIN_SELF = YES;
				CLANG_WARN_OBJC_LITERAL_CONVERSION = YES;
				CLANG_WARN_OBJC_ROOT_CLASS = YES_ERROR;
				CLANG_WARN_RANGE_LOOP_ANALYSIS = YES;
				CLANG_WARN_STRICT_PROTOTYPES = YES;
				CLANG_WARN_SUSPICIOUS_MOVE = YES;
				CLANG_WARN_UNGUARDED_AVAILABILITY = YES_AGGRESSIVE;
				CLANG_WARN_UNREACHABLE_CODE = YES;
				CLANG_WARN__DUPLICATE_METHOD_MATCH = YES;
				COPY_PHASE_STRIP = NO;
				DEBUG_INFORMATION_FORMAT = dwarf;
				ENABLE_STRICT_OBJC_MSGSEND = YES;
				ENABLE_TESTABILITY = YES;
				GCC_C_LANGUAGE_STANDARD = gnu11;
				GCC_DYNAMIC_NO_PIC = NO;
				GCC_NO_COMMON_BLOCKS = YES;
				GCC_OPTIMIZATION_LEVEL = 0;
				GCC_PREPROCESSOR_DEFINITIONS = (
					"DEBUG=1",
					"$(inherited)",
				);
				GCC_WARN_64_TO_32_BIT_CONVERSION = YES;
				GCC_WARN_ABOUT_RETURN_TYPE = YES_ERROR;
				GCC_WARN_UNDECLARED_SELECTOR = YES;
				GCC_WARN_UNINITIALIZED_AUTOS = YES_AGGRESSIVE;
				GCC_WARN_UNUSED_FUNCTION = YES;
				GCC_WARN_UNUSED_VARIABLE = YES;
				IPHONEOS_DEPLOYMENT_TARGET = 13.2;
				MTL_ENABLE_DEBUG_INFO = INCLUDE_SOURCE;
				MTL_FAST_MATH = YES;
				ONLY_ACTIVE_ARCH = YES;
				SDKROOT = iphoneos;
				SWIFT_ACTIVE_COMPILATION_CONDITIONS = DEBUG;
				SWIFT_OPTIMIZATION_LEVEL = "-Onone";
			};
			name = Debug;
		};
		68BAB782243E0ADF00310AE4 /* Release */ = {
			isa = XCBuildConfiguration;
			buildSettings = {
				ALWAYS_SEARCH_USER_PATHS = NO;
				CLANG_ANALYZER_NONNULL = YES;
				CLANG_ANALYZER_NUMBER_OBJECT_CONVERSION = YES_AGGRESSIVE;
				CLANG_CXX_LANGUAGE_STANDARD = "gnu++14";
				CLANG_CXX_LIBRARY = "libc++";
				CLANG_ENABLE_MODULES = YES;
				CLANG_ENABLE_OBJC_ARC = YES;
				CLANG_ENABLE_OBJC_WEAK = YES;
				CLANG_WARN_BLOCK_CAPTURE_AUTORELEASING = YES;
				CLANG_WARN_BOOL_CONVERSION = YES;
				CLANG_WARN_COMMA = YES;
				CLANG_WARN_CONSTANT_CONVERSION = YES;
				CLANG_WARN_DEPRECATED_OBJC_IMPLEMENTATIONS = YES;
				CLANG_WARN_DIRECT_OBJC_ISA_USAGE = YES_ERROR;
				CLANG_WARN_DOCUMENTATION_COMMENTS = YES;
				CLANG_WARN_EMPTY_BODY = YES;
				CLANG_WARN_ENUM_CONVERSION = YES;
				CLANG_WARN_INFINITE_RECURSION = YES;
				CLANG_WARN_INT_CONVERSION = YES;
				CLANG_WARN_NON_LITERAL_NULL_CONVERSION = YES;
				CLANG_WARN_OBJC_IMPLICIT_RETAIN_SELF = YES;
				CLANG_WARN_OBJC_LITERAL_CONVERSION = YES;
				CLANG_WARN_OBJC_ROOT_CLASS = YES_ERROR;
				CLANG_WARN_RANGE_LOOP_ANALYSIS = YES;
				CLANG_WARN_STRICT_PROTOTYPES = YES;
				CLANG_WARN_SUSPICIOUS_MOVE = YES;
				CLANG_WARN_UNGUARDED_AVAILABILITY = YES_AGGRESSIVE;
				CLANG_WARN_UNREACHABLE_CODE = YES;
				CLANG_WARN__DUPLICATE_METHOD_MATCH = YES;
				COPY_PHASE_STRIP = NO;
				DEBUG_INFORMATION_FORMAT = "dwarf-with-dsym";
				ENABLE_NS_ASSERTIONS = NO;
				ENABLE_STRICT_OBJC_MSGSEND = YES;
				GCC_C_LANGUAGE_STANDARD = gnu11;
				GCC_NO_COMMON_BLOCKS = YES;
				GCC_WARN_64_TO_32_BIT_CONVERSION = YES;
				GCC_WARN_ABOUT_RETURN_TYPE = YES_ERROR;
				GCC_WARN_UNDECLARED_SELECTOR = YES;
				GCC_WARN_UNINITIALIZED_AUTOS = YES_AGGRESSIVE;
				GCC_WARN_UNUSED_FUNCTION = YES;
				GCC_WARN_UNUSED_VARIABLE = YES;
				IPHONEOS_DEPLOYMENT_TARGET = 13.2;
				MTL_ENABLE_DEBUG_INFO = NO;
				MTL_FAST_MATH = YES;
				SDKROOT = iphoneos;
				SWIFT_COMPILATION_MODE = wholemodule;
				SWIFT_OPTIMIZATION_LEVEL = "-O";
				VALIDATE_PRODUCT = YES;
			};
			name = Release;
		};
		68BAB784243E0ADF00310AE4 /* Debug */ = {
			isa = XCBuildConfiguration;
			buildSettings = {
				ASSETCATALOG_COMPILER_APPICON_NAME = AppIcon;
				CODE_SIGN_STYLE = Automatic;
				DEVELOPMENT_TEAM = 99XSL3B46C;
				INFOPLIST_FILE = GettingStarted/Info.plist;
				LD_RUNPATH_SEARCH_PATHS = (
					"$(inherited)",
					"@executable_path/Frameworks",
				);
				PRODUCT_BUNDLE_IDENTIFIER = PragnyaDesh.GettingStarted;
				PRODUCT_NAME = "$(TARGET_NAME)";
				SWIFT_VERSION = 5.0;
				TARGETED_DEVICE_FAMILY = "1,2";
			};
			name = Debug;
		};
		68BAB785243E0ADF00310AE4 /* Release */ = {
			isa = XCBuildConfiguration;
			buildSettings = {
				ASSETCATALOG_COMPILER_APPICON_NAME = AppIcon;
				CODE_SIGN_STYLE = Automatic;
				DEVELOPMENT_TEAM = 99XSL3B46C;
				INFOPLIST_FILE = GettingStarted/Info.plist;
				LD_RUNPATH_SEARCH_PATHS = (
					"$(inherited)",
					"@executable_path/Frameworks",
				);
				PRODUCT_BUNDLE_IDENTIFIER = PragnyaDesh.GettingStarted;
				PRODUCT_NAME = "$(TARGET_NAME)";
				SWIFT_VERSION = 5.0;
				TARGETED_DEVICE_FAMILY = "1,2";
			};
			name = Release;
		};
		68BAB787243E0ADF00310AE4 /* Debug */ = {
			isa = XCBuildConfiguration;
			buildSettings = {
				ALWAYS_EMBED_SWIFT_STANDARD_LIBRARIES = YES;
				BUNDLE_LOADER = "$(TEST_HOST)";
				CODE_SIGN_STYLE = Automatic;
				INFOPLIST_FILE = GettingStartedTests/Info.plist;
				IPHONEOS_DEPLOYMENT_TARGET = 13.2;
				LD_RUNPATH_SEARCH_PATHS = (
					"$(inherited)",
					"@executable_path/Frameworks",
					"@loader_path/Frameworks",
				);
				PRODUCT_BUNDLE_IDENTIFIER = PragnyaDesh.GettingStartedTests;
				PRODUCT_NAME = "$(TARGET_NAME)";
				SWIFT_VERSION = 5.0;
				TARGETED_DEVICE_FAMILY = "1,2";
				TEST_HOST = "$(BUILT_PRODUCTS_DIR)/GettingStarted.app/GettingStarted";
			};
			name = Debug;
		};
		68BAB788243E0ADF00310AE4 /* Release */ = {
			isa = XCBuildConfiguration;
			buildSettings = {
				ALWAYS_EMBED_SWIFT_STANDARD_LIBRARIES = YES;
				BUNDLE_LOADER = "$(TEST_HOST)";
				CODE_SIGN_STYLE = Automatic;
				INFOPLIST_FILE = GettingStartedTests/Info.plist;
				IPHONEOS_DEPLOYMENT_TARGET = 13.2;
				LD_RUNPATH_SEARCH_PATHS = (
					"$(inherited)",
					"@executable_path/Frameworks",
					"@loader_path/Frameworks",
				);
				PRODUCT_BUNDLE_IDENTIFIER = PragnyaDesh.GettingStartedTests;
				PRODUCT_NAME = "$(TARGET_NAME)";
				SWIFT_VERSION = 5.0;
				TARGETED_DEVICE_FAMILY = "1,2";
				TEST_HOST = "$(BUILT_PRODUCTS_DIR)/GettingStarted.app/GettingStarted";
			};
			name = Release;
		};
		68BAB78A243E0ADF00310AE4 /* Debug */ = {
			isa = XCBuildConfiguration;
			buildSettings = {
				ALWAYS_EMBED_SWIFT_STANDARD_LIBRARIES = YES;
				CODE_SIGN_STYLE = Automatic;
				INFOPLIST_FILE = GettingStartedUITests/Info.plist;
				LD_RUNPATH_SEARCH_PATHS = (
					"$(inherited)",
					"@executable_path/Frameworks",
					"@loader_path/Frameworks",
				);
				PRODUCT_BUNDLE_IDENTIFIER = PragnyaDesh.GettingStartedUITests;
				PRODUCT_NAME = "$(TARGET_NAME)";
				SWIFT_VERSION = 5.0;
				TARGETED_DEVICE_FAMILY = "1,2";
				TEST_TARGET_NAME = GettingStarted;
			};
			name = Debug;
		};
		68BAB78B243E0ADF00310AE4 /* Release */ = {
			isa = XCBuildConfiguration;
			buildSettings = {
				ALWAYS_EMBED_SWIFT_STANDARD_LIBRARIES = YES;
				CODE_SIGN_STYLE = Automatic;
				INFOPLIST_FILE = GettingStartedUITests/Info.plist;
				LD_RUNPATH_SEARCH_PATHS = (
					"$(inherited)",
					"@executable_path/Frameworks",
					"@loader_path/Frameworks",
				);
				PRODUCT_BUNDLE_IDENTIFIER = PragnyaDesh.GettingStartedUITests;
				PRODUCT_NAME = "$(TARGET_NAME)";
				SWIFT_VERSION = 5.0;
				TARGETED_DEVICE_FAMILY = "1,2";
				TEST_TARGET_NAME = GettingStarted;
			};
			name = Release;
		};
/* End XCBuildConfiguration section */

/* Begin XCConfigurationList section */
		68BAB754243E0ADC00310AE4 /* Build configuration list for PBXProject "GettingStarted" */ = {
			isa = XCConfigurationList;
			buildConfigurations = (
				68BAB781243E0ADF00310AE4 /* Debug */,
				68BAB782243E0ADF00310AE4 /* Release */,
			);
			defaultConfigurationIsVisible = 0;
			defaultConfigurationName = Release;
		};
		68BAB783243E0ADF00310AE4 /* Build configuration list for PBXNativeTarget "GettingStarted" */ = {
			isa = XCConfigurationList;
			buildConfigurations = (
				68BAB784243E0ADF00310AE4 /* Debug */,
				68BAB785243E0ADF00310AE4 /* Release */,
			);
			defaultConfigurationIsVisible = 0;
			defaultConfigurationName = Release;
		};
		68BAB786243E0ADF00310AE4 /* Build configuration list for PBXNativeTarget "GettingStartedTests" */ = {
			isa = XCConfigurationList;
			buildConfigurations = (
				68BAB787243E0ADF00310AE4 /* Debug */,
				68BAB788243E0ADF00310AE4 /* Release */,
			);
			defaultConfigurationIsVisible = 0;
			defaultConfigurationName = Release;
		};
		68BAB789243E0ADF00310AE4 /* Build configuration list for PBXNativeTarget "GettingStartedUITests" */ = {
			isa = XCConfigurationList;
			buildConfigurations = (
				68BAB78A243E0ADF00310AE4 /* Debug */,
				68BAB78B243E0ADF00310AE4 /* Release */,
			);
			defaultConfigurationIsVisible = 0;
			defaultConfigurationName = Release;
		};
/* End XCConfigurationList section */
	};
	rootObject = 68BAB751243E0ADC00310AE4 /* Project object */;
}
