// !$*UTF8*$!
{
	archiveVersion = 1;
	classes = {
	};
	objectVersion = 50;
	objects = {

/* Begin PBXBuildFile section */
		68D93CE02446ED3300F682A2 /* AppDelegate.swift in Sources */ = {isa = PBXBuildFile; fileRef = 68D93CDF2446ED3300F682A2 /* AppDelegate.swift */; };
		68D93CE22446ED3300F682A2 /* SceneDelegate.swift in Sources */ = {isa = PBXBuildFile; fileRef = 68D93CE12446ED3300F682A2 /* SceneDelegate.swift */; };
		68D93CE42446ED3300F682A2 /* ViewController.swift in Sources */ = {isa = PBXBuildFile; fileRef = 68D93CE32446ED3300F682A2 /* ViewController.swift */; };
		68D93CE72446ED3300F682A2 /* Main.storyboard in Resources */ = {isa = PBXBuildFile; fileRef = 68D93CE52446ED3300F682A2 /* Main.storyboard */; };
		68D93CE92446ED3500F682A2 /* Assets.xcassets in Resources */ = {isa = PBXBuildFile; fileRef = 68D93CE82446ED3500F682A2 /* Assets.xcassets */; };
		68D93CEC2446ED3500F682A2 /* LaunchScreen.storyboard in Resources */ = {isa = PBXBuildFile; fileRef = 68D93CEA2446ED3500F682A2 /* LaunchScreen.storyboard */; };
		68D93CF72446ED3500F682A2 /* TwoButtonsTests.swift in Sources */ = {isa = PBXBuildFile; fileRef = 68D93CF62446ED3500F682A2 /* TwoButtonsTests.swift */; };
		68D93D022446ED3500F682A2 /* TwoButtonsUITests.swift in Sources */ = {isa = PBXBuildFile; fileRef = 68D93D012446ED3500F682A2 /* TwoButtonsUITests.swift */; };
/* End PBXBuildFile section */

/* Begin PBXContainerItemProxy section */
		68D93CF32446ED3500F682A2 /* PBXContainerItemProxy */ = {
			isa = PBXContainerItemProxy;
			containerPortal = 68D93CD42446ED3300F682A2 /* Project object */;
			proxyType = 1;
			remoteGlobalIDString = 68D93CDB2446ED3300F682A2;
			remoteInfo = TwoButtons;
		};
		68D93CFE2446ED3500F682A2 /* PBXContainerItemProxy */ = {
			isa = PBXContainerItemProxy;
			containerPortal = 68D93CD42446ED3300F682A2 /* Project object */;
			proxyType = 1;
			remoteGlobalIDString = 68D93CDB2446ED3300F682A2;
			remoteInfo = TwoButtons;
		};
/* End PBXContainerItemProxy section */

/* Begin PBXFileReference section */
		68D93CDC2446ED3300F682A2 /* TwoButtons.app */ = {isa = PBXFileReference; explicitFileType = wrapper.application; includeInIndex = 0; path = TwoButtons.app; sourceTree = BUILT_PRODUCTS_DIR; };
		68D93CDF2446ED3300F682A2 /* AppDelegate.swift */ = {isa = PBXFileReference; lastKnownFileType = sourcecode.swift; path = AppDelegate.swift; sourceTree = "<group>"; };
		68D93CE12446ED3300F682A2 /* SceneDelegate.swift */ = {isa = PBXFileReference; lastKnownFileType = sourcecode.swift; path = SceneDelegate.swift; sourceTree = "<group>"; };
		68D93CE32446ED3300F682A2 /* ViewController.swift */ = {isa = PBXFileReference; lastKnownFileType = sourcecode.swift; path = ViewController.swift; sourceTree = "<group>"; };
		68D93CE62446ED3300F682A2 /* Base */ = {isa = PBXFileReference; lastKnownFileType = file.storyboard; name = Base; path = Base.lproj/Main.storyboard; sourceTree = "<group>"; };
		68D93CE82446ED3500F682A2 /* Assets.xcassets */ = {isa = PBXFileReference; lastKnownFileType = folder.assetcatalog; path = Assets.xcassets; sourceTree = "<group>"; };
		68D93CEB2446ED3500F682A2 /* Base */ = {isa = PBXFileReference; lastKnownFileType = file.storyboard; name = Base; path = Base.lproj/LaunchScreen.storyboard; sourceTree = "<group>"; };
		68D93CED2446ED3500F682A2 /* Info.plist */ = {isa = PBXFileReference; lastKnownFileType = text.plist.xml; path = Info.plist; sourceTree = "<group>"; };
		68D93CF22446ED3500F682A2 /* TwoButtonsTests.xctest */ = {isa = PBXFileReference; explicitFileType = wrapper.cfbundle; includeInIndex = 0; path = TwoButtonsTests.xctest; sourceTree = BUILT_PRODUCTS_DIR; };
		68D93CF62446ED3500F682A2 /* TwoButtonsTests.swift */ = {isa = PBXFileReference; lastKnownFileType = sourcecode.swift; path = TwoButtonsTests.swift; sourceTree = "<group>"; };
		68D93CF82446ED3500F682A2 /* Info.plist */ = {isa = PBXFileReference; lastKnownFileType = text.plist.xml; path = Info.plist; sourceTree = "<group>"; };
		68D93CFD2446ED3500F682A2 /* TwoButtonsUITests.xctest */ = {isa = PBXFileReference; explicitFileType = wrapper.cfbundle; includeInIndex = 0; path = TwoButtonsUITests.xctest; sourceTree = BUILT_PRODUCTS_DIR; };
		68D93D012446ED3500F682A2 /* TwoButtonsUITests.swift */ = {isa = PBXFileReference; lastKnownFileType = sourcecode.swift; path = TwoButtonsUITests.swift; sourceTree = "<group>"; };
		68D93D032446ED3500F682A2 /* Info.plist */ = {isa = PBXFileReference; lastKnownFileType = text.plist.xml; path = Info.plist; sourceTree = "<group>"; };
/* End PBXFileReference section */

/* Begin PBXFrameworksBuildPhase section */
		68D93CD92446ED3300F682A2 /* Frameworks */ = {
			isa = PBXFrameworksBuildPhase;
			buildActionMask = 2147483647;
			files = (
			);
			runOnlyForDeploymentPostprocessing = 0;
		};
		68D93CEF2446ED3500F682A2 /* Frameworks */ = {
			isa = PBXFrameworksBuildPhase;
			buildActionMask = 2147483647;
			files = (
			);
			runOnlyForDeploymentPostprocessing = 0;
		};
		68D93CFA2446ED3500F682A2 /* Frameworks */ = {
			isa = PBXFrameworksBuildPhase;
			buildActionMask = 2147483647;
			files = (
			);
			runOnlyForDeploymentPostprocessing = 0;
		};
/* End PBXFrameworksBuildPhase section */

/* Begin PBXGroup section */
		68D93CD32446ED3300F682A2 = {
			isa = PBXGroup;
			children = (
				68D93CDE2446ED3300F682A2 /* TwoButtons */,
				68D93CF52446ED3500F682A2 /* TwoButtonsTests */,
				68D93D002446ED3500F682A2 /* TwoButtonsUITests */,
				68D93CDD2446ED3300F682A2 /* Products */,
			);
			sourceTree = "<group>";
		};
		68D93CDD2446ED3300F682A2 /* Products */ = {
			isa = PBXGroup;
			children = (
				68D93CDC2446ED3300F682A2 /* TwoButtons.app */,
				68D93CF22446ED3500F682A2 /* TwoButtonsTests.xctest */,
				68D93CFD2446ED3500F682A2 /* TwoButtonsUITests.xctest */,
			);
			name = Products;
			sourceTree = "<group>";
		};
		68D93CDE2446ED3300F682A2 /* TwoButtons */ = {
			isa = PBXGroup;
			children = (
				68D93CDF2446ED3300F682A2 /* AppDelegate.swift */,
				68D93CE12446ED3300F682A2 /* SceneDelegate.swift */,
				68D93CE32446ED3300F682A2 /* ViewController.swift */,
				68D93CE52446ED3300F682A2 /* Main.storyboard */,
				68D93CE82446ED3500F682A2 /* Assets.xcassets */,
				68D93CEA2446ED3500F682A2 /* LaunchScreen.storyboard */,
				68D93CED2446ED3500F682A2 /* Info.plist */,
			);
			path = TwoButtons;
			sourceTree = "<group>";
		};
		68D93CF52446ED3500F682A2 /* TwoButtonsTests */ = {
			isa = PBXGroup;
			children = (
				68D93CF62446ED3500F682A2 /* TwoButtonsTests.swift */,
				68D93CF82446ED3500F682A2 /* Info.plist */,
			);
			path = TwoButtonsTests;
			sourceTree = "<group>";
		};
		68D93D002446ED3500F682A2 /* TwoButtonsUITests */ = {
			isa = PBXGroup;
			children = (
				68D93D012446ED3500F682A2 /* TwoButtonsUITests.swift */,
				68D93D032446ED3500F682A2 /* Info.plist */,
			);
			path = TwoButtonsUITests;
			sourceTree = "<group>";
		};
/* End PBXGroup section */

/* Begin PBXNativeTarget section */
		68D93CDB2446ED3300F682A2 /* TwoButtons */ = {
			isa = PBXNativeTarget;
			buildConfigurationList = 68D93D062446ED3500F682A2 /* Build configuration list for PBXNativeTarget "TwoButtons" */;
			buildPhases = (
				68D93CD82446ED3300F682A2 /* Sources */,
				68D93CD92446ED3300F682A2 /* Frameworks */,
				68D93CDA2446ED3300F682A2 /* Resources */,
			);
			buildRules = (
			);
			dependencies = (
			);
			name = TwoButtons;
			productName = TwoButtons;
			productReference = 68D93CDC2446ED3300F682A2 /* TwoButtons.app */;
			productType = "com.apple.product-type.application";
		};
		68D93CF12446ED3500F682A2 /* TwoButtonsTests */ = {
			isa = PBXNativeTarget;
			buildConfigurationList = 68D93D092446ED3500F682A2 /* Build configuration list for PBXNativeTarget "TwoButtonsTests" */;
			buildPhases = (
				68D93CEE2446ED3500F682A2 /* Sources */,
				68D93CEF2446ED3500F682A2 /* Frameworks */,
				68D93CF02446ED3500F682A2 /* Resources */,
			);
			buildRules = (
			);
			dependencies = (
				68D93CF42446ED3500F682A2 /* PBXTargetDependency */,
			);
			name = TwoButtonsTests;
			productName = TwoButtonsTests;
			productReference = 68D93CF22446ED3500F682A2 /* TwoButtonsTests.xctest */;
			productType = "com.apple.product-type.bundle.unit-test";
		};
		68D93CFC2446ED3500F682A2 /* TwoButtonsUITests */ = {
			isa = PBXNativeTarget;
			buildConfigurationList = 68D93D0C2446ED3500F682A2 /* Build configuration list for PBXNativeTarget "TwoButtonsUITests" */;
			buildPhases = (
				68D93CF92446ED3500F682A2 /* Sources */,
				68D93CFA2446ED3500F682A2 /* Frameworks */,
				68D93CFB2446ED3500F682A2 /* Resources */,
			);
			buildRules = (
			);
			dependencies = (
				68D93CFF2446ED3500F682A2 /* PBXTargetDependency */,
			);
			name = TwoButtonsUITests;
			productName = TwoButtonsUITests;
			productReference = 68D93CFD2446ED3500F682A2 /* TwoButtonsUITests.xctest */;
			productType = "com.apple.product-type.bundle.ui-testing";
		};
/* End PBXNativeTarget section */

/* Begin PBXProject section */
		68D93CD42446ED3300F682A2 /* Project object */ = {
			isa = PBXProject;
			attributes = {
				LastSwiftUpdateCheck = 1130;
				LastUpgradeCheck = 1130;
				ORGANIZATIONNAME = PragnyaDesh;
				TargetAttributes = {
					68D93CDB2446ED3300F682A2 = {
						CreatedOnToolsVersion = 11.3.1;
					};
					68D93CF12446ED3500F682A2 = {
						CreatedOnToolsVersion = 11.3.1;
						TestTargetID = 68D93CDB2446ED3300F682A2;
					};
					68D93CFC2446ED3500F682A2 = {
						CreatedOnToolsVersion = 11.3.1;
						TestTargetID = 68D93CDB2446ED3300F682A2;
					};
				};
			};
			buildConfigurationList = 68D93CD72446ED3300F682A2 /* Build configuration list for PBXProject "TwoButtons" */;
			compatibilityVersion = "Xcode 9.3";
			developmentRegion = en;
			hasScannedForEncodings = 0;
			knownRegions = (
				en,
				Base,
			);
			mainGroup = 68D93CD32446ED3300F682A2;
			productRefGroup = 68D93CDD2446ED3300F682A2 /* Products */;
			projectDirPath = "";
			projectRoot = "";
			targets = (
				68D93CDB2446ED3300F682A2 /* TwoButtons */,
				68D93CF12446ED3500F682A2 /* TwoButtonsTests */,
				68D93CFC2446ED3500F682A2 /* TwoButtonsUITests */,
			);
		};
/* End PBXProject section */

/* Begin PBXResourcesBuildPhase section */
		68D93CDA2446ED3300F682A2 /* Resources */ = {
			isa = PBXResourcesBuildPhase;
			buildActionMask = 2147483647;
			files = (
				68D93CEC2446ED3500F682A2 /* LaunchScreen.storyboard in Resources */,
				68D93CE92446ED3500F682A2 /* Assets.xcassets in Resources */,
				68D93CE72446ED3300F682A2 /* Main.storyboard in Resources */,
			);
			runOnlyForDeploymentPostprocessing = 0;
		};
		68D93CF02446ED3500F682A2 /* Resources */ = {
			isa = PBXResourcesBuildPhase;
			buildActionMask = 2147483647;
			files = (
			);
			runOnlyForDeploymentPostprocessing = 0;
		};
		68D93CFB2446ED3500F682A2 /* Resources */ = {
			isa = PBXResourcesBuildPhase;
			buildActionMask = 2147483647;
			files = (
			);
			runOnlyForDeploymentPostprocessing = 0;
		};
/* End PBXResourcesBuildPhase section */

/* Begin PBXSourcesBuildPhase section */
		68D93CD82446ED3300F682A2 /* Sources */ = {
			isa = PBXSourcesBuildPhase;
			buildActionMask = 2147483647;
			files = (
				68D93CE42446ED3300F682A2 /* ViewController.swift in Sources */,
				68D93CE02446ED3300F682A2 /* AppDelegate.swift in Sources */,
				68D93CE22446ED3300F682A2 /* SceneDelegate.swift in Sources */,
			);
			runOnlyForDeploymentPostprocessing = 0;
		};
		68D93CEE2446ED3500F682A2 /* Sources */ = {
			isa = PBXSourcesBuildPhase;
			buildActionMask = 2147483647;
			files = (
				68D93CF72446ED3500F682A2 /* TwoButtonsTests.swift in Sources */,
			);
			runOnlyForDeploymentPostprocessing = 0;
		};
		68D93CF92446ED3500F682A2 /* Sources */ = {
			isa = PBXSourcesBuildPhase;
			buildActionMask = 2147483647;
			files = (
				68D93D022446ED3500F682A2 /* TwoButtonsUITests.swift in Sources */,
			);
			runOnlyForDeploymentPostprocessing = 0;
		};
/* End PBXSourcesBuildPhase section */

/* Begin PBXTargetDependency section */
		68D93CF42446ED3500F682A2 /* PBXTargetDependency */ = {
			isa = PBXTargetDependency;
			target = 68D93CDB2446ED3300F682A2 /* TwoButtons */;
			targetProxy = 68D93CF32446ED3500F682A2 /* PBXContainerItemProxy */;
		};
		68D93CFF2446ED3500F682A2 /* PBXTargetDependency */ = {
			isa = PBXTargetDependency;
			target = 68D93CDB2446ED3300F682A2 /* TwoButtons */;
			targetProxy = 68D93CFE2446ED3500F682A2 /* PBXContainerItemProxy */;
		};
/* End PBXTargetDependency section */

/* Begin PBXVariantGroup section */
		68D93CE52446ED3300F682A2 /* Main.storyboard */ = {
			isa = PBXVariantGroup;
			children = (
				68D93CE62446ED3300F682A2 /* Base */,
			);
			name = Main.storyboard;
			sourceTree = "<group>";
		};
		68D93CEA2446ED3500F682A2 /* LaunchScreen.storyboard */ = {
			isa = PBXVariantGroup;
			children = (
				68D93CEB2446ED3500F682A2 /* Base */,
			);
			name = LaunchScreen.storyboard;
			sourceTree = "<group>";
		};
/* End PBXVariantGroup section */

/* Begin XCBuildConfiguration section */
		68D93D042446ED3500F682A2 /* Debug */ = {
			isa = XCBuildConfiguration;
			buildSettings = {
				ALWAYS_SEARCH_USER_PATHS = NO;
				CLANG_ANALYZER_NONNULL = YES;
				CLANG_ANALYZER_NUMBER_OBJECT_CONVERSION = YES_AGGRESSIVE;
				CLANG_CXX_LANGUAGE_STANDARD = "gnu++14";
				CLANG_CXX_LIBRARY = "libc++";
				CLANG_ENABLE_MODULES = YES;
				CLANG_ENABLE_OBJC_ARC = YES;
				CLANG_ENABLE_OBJC_WEAK = YES;
				CLANG_WARN_BLOCK_CAPTURE_AUTORELEASING = YES;
				CLANG_WARN_BOOL_CONVERSION = YES;
				CLANG_WARN_COMMA = YES;
				CLANG_WARN_CONSTANT_CONVERSION = YES;
				CLANG_WARN_DEPRECATED_OBJC_IMPLEMENTATIONS = YES;
				CLANG_WARN_DIRECT_OBJC_ISA_USAGE = YES_ERROR;
				CLANG_WARN_DOCUMENTATION_COMMENTS = YES;
				CLANG_WARN_EMPTY_BODY = YES;
				CLANG_WARN_ENUM_CONVERSION = YES;
				CLANG_WARN_INFINITE_RECURSION = YES;
				CLANG_WARN_INT_CONVERSION = YES;
				CLANG_WARN_NON_LITERAL_NULL_CONVERSION = YES;
				CLANG_WARN_OBJC_IMPLICIT_RETAIN_SELF = YES;
				CLANG_WARN_OBJC_LITERAL_CONVERSION = YES;
				CLANG_WARN_OBJC_ROOT_CLASS = YES_ERROR;
				CLANG_WARN_RANGE_LOOP_ANALYSIS = YES;
				CLANG_WARN_STRICT_PROTOTYPES = YES;
				CLANG_WARN_SUSPICIOUS_MOVE = YES;
				CLANG_WARN_UNGUARDED_AVAILABILITY = YES_AGGRESSIVE;
				CLANG_WARN_UNREACHABLE_CODE = YES;
				CLANG_WARN__DUPLICATE_METHOD_MATCH = YES;
				COPY_PHASE_STRIP = NO;
				DEBUG_INFORMATION_FORMAT = dwarf;
				ENABLE_STRICT_OBJC_MSGSEND = YES;
				ENABLE_TESTABILITY = YES;
				GCC_C_LANGUAGE_STANDARD = gnu11;
				GCC_DYNAMIC_NO_PIC = NO;
				GCC_NO_COMMON_BLOCKS = YES;
				GCC_OPTIMIZATION_LEVEL = 0;
				GCC_PREPROCESSOR_DEFINITIONS = (
					"DEBUG=1",
					"$(inherited)",
				);
				GCC_WARN_64_TO_32_BIT_CONVERSION = YES;
				GCC_WARN_ABOUT_RETURN_TYPE = YES_ERROR;
				GCC_WARN_UNDECLARED_SELECTOR = YES;
				GCC_WARN_UNINITIALIZED_AUTOS = YES_AGGRESSIVE;
				GCC_WARN_UNUSED_FUNCTION = YES;
				GCC_WARN_UNUSED_VARIABLE = YES;
				IPHONEOS_DEPLOYMENT_TARGET = 13.2;
				MTL_ENABLE_DEBUG_INFO = INCLUDE_SOURCE;
				MTL_FAST_MATH = YES;
				ONLY_ACTIVE_ARCH = YES;
				SDKROOT = iphoneos;
				SWIFT_ACTIVE_COMPILATION_CONDITIONS = DEBUG;
				SWIFT_OPTIMIZATION_LEVEL = "-Onone";
			};
			name = Debug;
		};
		68D93D052446ED3500F682A2 /* Release */ = {
			isa = XCBuildConfiguration;
			buildSettings = {
				ALWAYS_SEARCH_USER_PATHS = NO;
				CLANG_ANALYZER_NONNULL = YES;
				CLANG_ANALYZER_NUMBER_OBJECT_CONVERSION = YES_AGGRESSIVE;
				CLANG_CXX_LANGUAGE_STANDARD = "gnu++14";
				CLANG_CXX_LIBRARY = "libc++";
				CLANG_ENABLE_MODULES = YES;
				CLANG_ENABLE_OBJC_ARC = YES;
				CLANG_ENABLE_OBJC_WEAK = YES;
				CLANG_WARN_BLOCK_CAPTURE_AUTORELEASING = YES;
				CLANG_WARN_BOOL_CONVERSION = YES;
				CLANG_WARN_COMMA = YES;
				CLANG_WARN_CONSTANT_CONVERSION = YES;
				CLANG_WARN_DEPRECATED_OBJC_IMPLEMENTATIONS = YES;
				CLANG_WARN_DIRECT_OBJC_ISA_USAGE = YES_ERROR;
				CLANG_WARN_DOCUMENTATION_COMMENTS = YES;
				CLANG_WARN_EMPTY_BODY = YES;
				CLANG_WARN_ENUM_CONVERSION = YES;
				CLANG_WARN_INFINITE_RECURSION = YES;
				CLANG_WARN_INT_CONVERSION = YES;
				CLANG_WARN_NON_LITERAL_NULL_CONVERSION = YES;
				CLANG_WARN_OBJC_IMPLICIT_RETAIN_SELF = YES;
				CLANG_WARN_OBJC_LITERAL_CONVERSION = YES;
				CLANG_WARN_OBJC_ROOT_CLASS = YES_ERROR;
				CLANG_WARN_RANGE_LOOP_ANALYSIS = YES;
				CLANG_WARN_STRICT_PROTOTYPES = YES;
				CLANG_WARN_SUSPICIOUS_MOVE = YES;
				CLANG_WARN_UNGUARDED_AVAILABILITY = YES_AGGRESSIVE;
				CLANG_WARN_UNREACHABLE_CODE = YES;
				CLANG_WARN__DUPLICATE_METHOD_MATCH = YES;
				COPY_PHASE_STRIP = NO;
				DEBUG_INFORMATION_FORMAT = "dwarf-with-dsym";
				ENABLE_NS_ASSERTIONS = NO;
				ENABLE_STRICT_OBJC_MSGSEND = YES;
				GCC_C_LANGUAGE_STANDARD = gnu11;
				GCC_NO_COMMON_BLOCKS = YES;
				GCC_WARN_64_TO_32_BIT_CONVERSION = YES;
				GCC_WARN_ABOUT_RETURN_TYPE = YES_ERROR;
				GCC_WARN_UNDECLARED_SELECTOR = YES;
				GCC_WARN_UNINITIALIZED_AUTOS = YES_AGGRESSIVE;
				GCC_WARN_UNUSED_FUNCTION = YES;
				GCC_WARN_UNUSED_VARIABLE = YES;
				IPHONEOS_DEPLOYMENT_TARGET = 13.2;
				MTL_ENABLE_DEBUG_INFO = NO;
				MTL_FAST_MATH = YES;
				SDKROOT = iphoneos;
				SWIFT_COMPILATION_MODE = wholemodule;
				SWIFT_OPTIMIZATION_LEVEL = "-O";
				VALIDATE_PRODUCT = YES;
			};
			name = Release;
		};
		68D93D072446ED3500F682A2 /* Debug */ = {
			isa = XCBuildConfiguration;
			buildSettings = {
				ASSETCATALOG_COMPILER_APPICON_NAME = AppIcon;
				CODE_SIGN_STYLE = Automatic;
				DEVELOPMENT_TEAM = 99XSL3B46C;
				INFOPLIST_FILE = TwoButtons/Info.plist;
				LD_RUNPATH_SEARCH_PATHS = (
					"$(inherited)",
					"@executable_path/Frameworks",
				);
				PRODUCT_BUNDLE_IDENTIFIER = PragnyaDesh.TwoButtons;
				PRODUCT_NAME = "$(TARGET_NAME)";
				SWIFT_VERSION = 5.0;
				TARGETED_DEVICE_FAMILY = "1,2";
			};
			name = Debug;
		};
		68D93D082446ED3500F682A2 /* Release */ = {
			isa = XCBuildConfiguration;
			buildSettings = {
				ASSETCATALOG_COMPILER_APPICON_NAME = AppIcon;
				CODE_SIGN_STYLE = Automatic;
				DEVELOPMENT_TEAM = 99XSL3B46C;
				INFOPLIST_FILE = TwoButtons/Info.plist;
				LD_RUNPATH_SEARCH_PATHS = (
					"$(inherited)",
					"@executable_path/Frameworks",
				);
				PRODUCT_BUNDLE_IDENTIFIER = PragnyaDesh.TwoButtons;
				PRODUCT_NAME = "$(TARGET_NAME)";
				SWIFT_VERSION = 5.0;
				TARGETED_DEVICE_FAMILY = "1,2";
			};
			name = Release;
		};
		68D93D0A2446ED3500F682A2 /* Debug */ = {
			isa = XCBuildConfiguration;
			buildSettings = {
				ALWAYS_EMBED_SWIFT_STANDARD_LIBRARIES = YES;
				BUNDLE_LOADER = "$(TEST_HOST)";
				CODE_SIGN_STYLE = Automatic;
				DEVELOPMENT_TEAM = 99XSL3B46C;
				INFOPLIST_FILE = TwoButtonsTests/Info.plist;
				IPHONEOS_DEPLOYMENT_TARGET = 13.2;
				LD_RUNPATH_SEARCH_PATHS = (
					"$(inherited)",
					"@executable_path/Frameworks",
					"@loader_path/Frameworks",
				);
				PRODUCT_BUNDLE_IDENTIFIER = PragnyaDesh.TwoButtonsTests;
				PRODUCT_NAME = "$(TARGET_NAME)";
				SWIFT_VERSION = 5.0;
				TARGETED_DEVICE_FAMILY = "1,2";
				TEST_HOST = "$(BUILT_PRODUCTS_DIR)/TwoButtons.app/TwoButtons";
			};
			name = Debug;
		};
		68D93D0B2446ED3500F682A2 /* Release */ = {
			isa = XCBuildConfiguration;
			buildSettings = {
				ALWAYS_EMBED_SWIFT_STANDARD_LIBRARIES = YES;
				BUNDLE_LOADER = "$(TEST_HOST)";
				CODE_SIGN_STYLE = Automatic;
				DEVELOPMENT_TEAM = 99XSL3B46C;
				INFOPLIST_FILE = TwoButtonsTests/Info.plist;
				IPHONEOS_DEPLOYMENT_TARGET = 13.2;
				LD_RUNPATH_SEARCH_PATHS = (
					"$(inherited)",
					"@executable_path/Frameworks",
					"@loader_path/Frameworks",
				);
				PRODUCT_BUNDLE_IDENTIFIER = PragnyaDesh.TwoButtonsTests;
				PRODUCT_NAME = "$(TARGET_NAME)";
				SWIFT_VERSION = 5.0;
				TARGETED_DEVICE_FAMILY = "1,2";
				TEST_HOST = "$(BUILT_PRODUCTS_DIR)/TwoButtons.app/TwoButtons";
			};
			name = Release;
		};
		68D93D0D2446ED3500F682A2 /* Debug */ = {
			isa = XCBuildConfiguration;
			buildSettings = {
				ALWAYS_EMBED_SWIFT_STANDARD_LIBRARIES = YES;
				CODE_SIGN_STYLE = Automatic;
				DEVELOPMENT_TEAM = 99XSL3B46C;
				INFOPLIST_FILE = TwoButtonsUITests/Info.plist;
				LD_RUNPATH_SEARCH_PATHS = (
					"$(inherited)",
					"@executable_path/Frameworks",
					"@loader_path/Frameworks",
				);
				PRODUCT_BUNDLE_IDENTIFIER = PragnyaDesh.TwoButtonsUITests;
				PRODUCT_NAME = "$(TARGET_NAME)";
				SWIFT_VERSION = 5.0;
				TARGETED_DEVICE_FAMILY = "1,2";
				TEST_TARGET_NAME = TwoButtons;
			};
			name = Debug;
		};
		68D93D0E2446ED3500F682A2 /* Release */ = {
			isa = XCBuildConfiguration;
			buildSettings = {
				ALWAYS_EMBED_SWIFT_STANDARD_LIBRARIES = YES;
				CODE_SIGN_STYLE = Automatic;
				DEVELOPMENT_TEAM = 99XSL3B46C;
				INFOPLIST_FILE = TwoButtonsUITests/Info.plist;
				LD_RUNPATH_SEARCH_PATHS = (
					"$(inherited)",
					"@executable_path/Frameworks",
					"@loader_path/Frameworks",
				);
				PRODUCT_BUNDLE_IDENTIFIER = PragnyaDesh.TwoButtonsUITests;
				PRODUCT_NAME = "$(TARGET_NAME)";
				SWIFT_VERSION = 5.0;
				TARGETED_DEVICE_FAMILY = "1,2";
				TEST_TARGET_NAME = TwoButtons;
			};
			name = Release;
		};
/* End XCBuildConfiguration section */

/* Begin XCConfigurationList section */
		68D93CD72446ED3300F682A2 /* Build configuration list for PBXProject "TwoButtons" */ = {
			isa = XCConfigurationList;
			buildConfigurations = (
				68D93D042446ED3500F682A2 /* Debug */,
				68D93D052446ED3500F682A2 /* Release */,
			);
			defaultConfigurationIsVisible = 0;
			defaultConfigurationName = Release;
		};
		68D93D062446ED3500F682A2 /* Build configuration list for PBXNativeTarget "TwoButtons" */ = {
			isa = XCConfigurationList;
			buildConfigurations = (
				68D93D072446ED3500F682A2 /* Debug */,
				68D93D082446ED3500F682A2 /* Release */,
			);
			defaultConfigurationIsVisible = 0;
			defaultConfigurationName = Release;
		};
		68D93D092446ED3500F682A2 /* Build configuration list for PBXNativeTarget "TwoButtonsTests" */ = {
			isa = XCConfigurationList;
			buildConfigurations = (
				68D93D0A2446ED3500F682A2 /* Debug */,
				68D93D0B2446ED3500F682A2 /* Release */,
			);
			defaultConfigurationIsVisible = 0;
			defaultConfigurationName = Release;
		};
		68D93D0C2446ED3500F682A2 /* Build configuration list for PBXNativeTarget "TwoButtonsUITests" */ = {
			isa = XCConfigurationList;
			buildConfigurations = (
				68D93D0D2446ED3500F682A2 /* Debug */,
				68D93D0E2446ED3500F682A2 /* Release */,
			);
			defaultConfigurationIsVisible = 0;
			defaultConfigurationName = Release;
		};
/* End XCConfigurationList section */
	};
	rootObject = 68D93CD42446ED3300F682A2 /* Project object */;
}
