// !$*UTF8*$!
{
	archiveVersion = 1;
	classes = {
	};
	objectVersion = 50;
	objects = {

/* Begin PBXBuildFile section */
		68E23C682476ABB800A0C776 /* AppDelegate.swift in Sources */ = {isa = PBXBuildFile; fileRef = 68E23C672476ABB800A0C776 /* AppDelegate.swift */; };
		68E23C6A2476ABB800A0C776 /* SceneDelegate.swift in Sources */ = {isa = PBXBuildFile; fileRef = 68E23C692476ABB800A0C776 /* SceneDelegate.swift */; };
		68E23C6C2476ABB800A0C776 /* ViewController.swift in Sources */ = {isa = PBXBuildFile; fileRef = 68E23C6B2476ABB800A0C776 /* ViewController.swift */; };
		68E23C6F2476ABB800A0C776 /* Main.storyboard in Resources */ = {isa = PBXBuildFile; fileRef = 68E23C6D2476ABB800A0C776 /* Main.storyboard */; };
		68E23C712476ABB900A0C776 /* Assets.xcassets in Resources */ = {isa = PBXBuildFile; fileRef = 68E23C702476ABB900A0C776 /* Assets.xcassets */; };
		68E23C742476ABB900A0C776 /* LaunchScreen.storyboard in Resources */ = {isa = PBXBuildFile; fileRef = 68E23C722476ABB900A0C776 /* LaunchScreen.storyboard */; };
		68E23C7F2476ABBA00A0C776 /* LoginTests.swift in Sources */ = {isa = PBXBuildFile; fileRef = 68E23C7E2476ABBA00A0C776 /* LoginTests.swift */; };
		68E23C8A2476ABBA00A0C776 /* LoginUITests.swift in Sources */ = {isa = PBXBuildFile; fileRef = 68E23C892476ABBA00A0C776 /* LoginUITests.swift */; };
/* End PBXBuildFile section */

/* Begin PBXContainerItemProxy section */
		68E23C7B2476ABBA00A0C776 /* PBXContainerItemProxy */ = {
			isa = PBXContainerItemProxy;
			containerPortal = 68E23C5C2476ABB800A0C776 /* Project object */;
			proxyType = 1;
			remoteGlobalIDString = 68E23C632476ABB800A0C776;
			remoteInfo = Login;
		};
		68E23C862476ABBA00A0C776 /* PBXContainerItemProxy */ = {
			isa = PBXContainerItemProxy;
			containerPortal = 68E23C5C2476ABB800A0C776 /* Project object */;
			proxyType = 1;
			remoteGlobalIDString = 68E23C632476ABB800A0C776;
			remoteInfo = Login;
		};
/* End PBXContainerItemProxy section */

/* Begin PBXFileReference section */
		68E23C642476ABB800A0C776 /* Login.app */ = {isa = PBXFileReference; explicitFileType = wrapper.application; includeInIndex = 0; path = Login.app; sourceTree = BUILT_PRODUCTS_DIR; };
		68E23C672476ABB800A0C776 /* AppDelegate.swift */ = {isa = PBXFileReference; lastKnownFileType = sourcecode.swift; path = AppDelegate.swift; sourceTree = "<group>"; };
		68E23C692476ABB800A0C776 /* SceneDelegate.swift */ = {isa = PBXFileReference; lastKnownFileType = sourcecode.swift; path = SceneDelegate.swift; sourceTree = "<group>"; };
		68E23C6B2476ABB800A0C776 /* ViewController.swift */ = {isa = PBXFileReference; lastKnownFileType = sourcecode.swift; path = ViewController.swift; sourceTree = "<group>"; };
		68E23C6E2476ABB800A0C776 /* Base */ = {isa = PBXFileReference; lastKnownFileType = file.storyboard; name = Base; path = Base.lproj/Main.storyboard; sourceTree = "<group>"; };
		68E23C702476ABB900A0C776 /* Assets.xcassets */ = {isa = PBXFileReference; lastKnownFileType = folder.assetcatalog; path = Assets.xcassets; sourceTree = "<group>"; };
		68E23C732476ABB900A0C776 /* Base */ = {isa = PBXFileReference; lastKnownFileType = file.storyboard; name = Base; path = Base.lproj/LaunchScreen.storyboard; sourceTree = "<group>"; };
		68E23C752476ABB900A0C776 /* Info.plist */ = {isa = PBXFileReference; lastKnownFileType = text.plist.xml; path = Info.plist; sourceTree = "<group>"; };
		68E23C7A2476ABBA00A0C776 /* LoginTests.xctest */ = {isa = PBXFileReference; explicitFileType = wrapper.cfbundle; includeInIndex = 0; path = LoginTests.xctest; sourceTree = BUILT_PRODUCTS_DIR; };
		68E23C7E2476ABBA00A0C776 /* LoginTests.swift */ = {isa = PBXFileReference; lastKnownFileType = sourcecode.swift; path = LoginTests.swift; sourceTree = "<group>"; };
		68E23C802476ABBA00A0C776 /* Info.plist */ = {isa = PBXFileReference; lastKnownFileType = text.plist.xml; path = Info.plist; sourceTree = "<group>"; };
		68E23C852476ABBA00A0C776 /* LoginUITests.xctest */ = {isa = PBXFileReference; explicitFileType = wrapper.cfbundle; includeInIndex = 0; path = LoginUITests.xctest; sourceTree = BUILT_PRODUCTS_DIR; };
		68E23C892476ABBA00A0C776 /* LoginUITests.swift */ = {isa = PBXFileReference; lastKnownFileType = sourcecode.swift; path = LoginUITests.swift; sourceTree = "<group>"; };
		68E23C8B2476ABBA00A0C776 /* Info.plist */ = {isa = PBXFileReference; lastKnownFileType = text.plist.xml; path = Info.plist; sourceTree = "<group>"; };
/* End PBXFileReference section */

/* Begin PBXFrameworksBuildPhase section */
		68E23C612476ABB800A0C776 /* Frameworks */ = {
			isa = PBXFrameworksBuildPhase;
			buildActionMask = 2147483647;
			files = (
			);
			runOnlyForDeploymentPostprocessing = 0;
		};
		68E23C772476ABBA00A0C776 /* Frameworks */ = {
			isa = PBXFrameworksBuildPhase;
			buildActionMask = 2147483647;
			files = (
			);
			runOnlyForDeploymentPostprocessing = 0;
		};
		68E23C822476ABBA00A0C776 /* Frameworks */ = {
			isa = PBXFrameworksBuildPhase;
			buildActionMask = 2147483647;
			files = (
			);
			runOnlyForDeploymentPostprocessing = 0;
		};
/* End PBXFrameworksBuildPhase section */

/* Begin PBXGroup section */
		68E23C5B2476ABB800A0C776 = {
			isa = PBXGroup;
			children = (
				68E23C662476ABB800A0C776 /* Login */,
				68E23C7D2476ABBA00A0C776 /* LoginTests */,
				68E23C882476ABBA00A0C776 /* LoginUITests */,
				68E23C652476ABB800A0C776 /* Products */,
			);
			sourceTree = "<group>";
		};
		68E23C652476ABB800A0C776 /* Products */ = {
			isa = PBXGroup;
			children = (
				68E23C642476ABB800A0C776 /* Login.app */,
				68E23C7A2476ABBA00A0C776 /* LoginTests.xctest */,
				68E23C852476ABBA00A0C776 /* LoginUITests.xctest */,
			);
			name = Products;
			sourceTree = "<group>";
		};
		68E23C662476ABB800A0C776 /* Login */ = {
			isa = PBXGroup;
			children = (
				68E23C672476ABB800A0C776 /* AppDelegate.swift */,
				68E23C692476ABB800A0C776 /* SceneDelegate.swift */,
				68E23C6B2476ABB800A0C776 /* ViewController.swift */,
				68E23C6D2476ABB800A0C776 /* Main.storyboard */,
				68E23C702476ABB900A0C776 /* Assets.xcassets */,
				68E23C722476ABB900A0C776 /* LaunchScreen.storyboard */,
				68E23C752476ABB900A0C776 /* Info.plist */,
			);
			path = Login;
			sourceTree = "<group>";
		};
		68E23C7D2476ABBA00A0C776 /* LoginTests */ = {
			isa = PBXGroup;
			children = (
				68E23C7E2476ABBA00A0C776 /* LoginTests.swift */,
				68E23C802476ABBA00A0C776 /* Info.plist */,
			);
			path = LoginTests;
			sourceTree = "<group>";
		};
		68E23C882476ABBA00A0C776 /* LoginUITests */ = {
			isa = PBXGroup;
			children = (
				68E23C892476ABBA00A0C776 /* LoginUITests.swift */,
				68E23C8B2476ABBA00A0C776 /* Info.plist */,
			);
			path = LoginUITests;
			sourceTree = "<group>";
		};
/* End PBXGroup section */

/* Begin PBXNativeTarget section */
		68E23C632476ABB800A0C776 /* Login */ = {
			isa = PBXNativeTarget;
			buildConfigurationList = 68E23C8E2476ABBA00A0C776 /* Build configuration list for PBXNativeTarget "Login" */;
			buildPhases = (
				68E23C602476ABB800A0C776 /* Sources */,
				68E23C612476ABB800A0C776 /* Frameworks */,
				68E23C622476ABB800A0C776 /* Resources */,
			);
			buildRules = (
			);
			dependencies = (
			);
			name = Login;
			productName = Login;
			productReference = 68E23C642476ABB800A0C776 /* Login.app */;
			productType = "com.apple.product-type.application";
		};
		68E23C792476ABBA00A0C776 /* LoginTests */ = {
			isa = PBXNativeTarget;
			buildConfigurationList = 68E23C912476ABBA00A0C776 /* Build configuration list for PBXNativeTarget "LoginTests" */;
			buildPhases = (
				68E23C762476ABBA00A0C776 /* Sources */,
				68E23C772476ABBA00A0C776 /* Frameworks */,
				68E23C782476ABBA00A0C776 /* Resources */,
			);
			buildRules = (
			);
			dependencies = (
				68E23C7C2476ABBA00A0C776 /* PBXTargetDependency */,
			);
			name = LoginTests;
			productName = LoginTests;
			productReference = 68E23C7A2476ABBA00A0C776 /* LoginTests.xctest */;
			productType = "com.apple.product-type.bundle.unit-test";
		};
		68E23C842476ABBA00A0C776 /* LoginUITests */ = {
			isa = PBXNativeTarget;
			buildConfigurationList = 68E23C942476ABBA00A0C776 /* Build configuration list for PBXNativeTarget "LoginUITests" */;
			buildPhases = (
				68E23C812476ABBA00A0C776 /* Sources */,
				68E23C822476ABBA00A0C776 /* Frameworks */,
				68E23C832476ABBA00A0C776 /* Resources */,
			);
			buildRules = (
			);
			dependencies = (
				68E23C872476ABBA00A0C776 /* PBXTargetDependency */,
			);
			name = LoginUITests;
			productName = LoginUITests;
			productReference = 68E23C852476ABBA00A0C776 /* LoginUITests.xctest */;
			productType = "com.apple.product-type.bundle.ui-testing";
		};
/* End PBXNativeTarget section */

/* Begin PBXProject section */
		68E23C5C2476ABB800A0C776 /* Project object */ = {
			isa = PBXProject;
			attributes = {
				LastSwiftUpdateCheck = 1130;
				LastUpgradeCheck = 1130;
				ORGANIZATIONNAME = PragnyaDesh;
				TargetAttributes = {
					68E23C632476ABB800A0C776 = {
						CreatedOnToolsVersion = 11.3.1;
					};
					68E23C792476ABBA00A0C776 = {
						CreatedOnToolsVersion = 11.3.1;
						TestTargetID = 68E23C632476ABB800A0C776;
					};
					68E23C842476ABBA00A0C776 = {
						CreatedOnToolsVersion = 11.3.1;
						TestTargetID = 68E23C632476ABB800A0C776;
					};
				};
			};
			buildConfigurationList = 68E23C5F2476ABB800A0C776 /* Build configuration list for PBXProject "Login" */;
			compatibilityVersion = "Xcode 9.3";
			developmentRegion = en;
			hasScannedForEncodings = 0;
			knownRegions = (
				en,
				Base,
			);
			mainGroup = 68E23C5B2476ABB800A0C776;
			productRefGroup = 68E23C652476ABB800A0C776 /* Products */;
			projectDirPath = "";
			projectRoot = "";
			targets = (
				68E23C632476ABB800A0C776 /* Login */,
				68E23C792476ABBA00A0C776 /* LoginTests */,
				68E23C842476ABBA00A0C776 /* LoginUITests */,
			);
		};
/* End PBXProject section */

/* Begin PBXResourcesBuildPhase section */
		68E23C622476ABB800A0C776 /* Resources */ = {
			isa = PBXResourcesBuildPhase;
			buildActionMask = 2147483647;
			files = (
				68E23C742476ABB900A0C776 /* LaunchScreen.storyboard in Resources */,
				68E23C712476ABB900A0C776 /* Assets.xcassets in Resources */,
				68E23C6F2476ABB800A0C776 /* Main.storyboard in Resources */,
			);
			runOnlyForDeploymentPostprocessing = 0;
		};
		68E23C782476ABBA00A0C776 /* Resources */ = {
			isa = PBXResourcesBuildPhase;
			buildActionMask = 2147483647;
			files = (
			);
			runOnlyForDeploymentPostprocessing = 0;
		};
		68E23C832476ABBA00A0C776 /* Resources */ = {
			isa = PBXResourcesBuildPhase;
			buildActionMask = 2147483647;
			files = (
			);
			runOnlyForDeploymentPostprocessing = 0;
		};
/* End PBXResourcesBuildPhase section */

/* Begin PBXSourcesBuildPhase section */
		68E23C602476ABB800A0C776 /* Sources */ = {
			isa = PBXSourcesBuildPhase;
			buildActionMask = 2147483647;
			files = (
				68E23C6C2476ABB800A0C776 /* ViewController.swift in Sources */,
				68E23C682476ABB800A0C776 /* AppDelegate.swift in Sources */,
				68E23C6A2476ABB800A0C776 /* SceneDelegate.swift in Sources */,
			);
			runOnlyForDeploymentPostprocessing = 0;
		};
		68E23C762476ABBA00A0C776 /* Sources */ = {
			isa = PBXSourcesBuildPhase;
			buildActionMask = 2147483647;
			files = (
				68E23C7F2476ABBA00A0C776 /* LoginTests.swift in Sources */,
			);
			runOnlyForDeploymentPostprocessing = 0;
		};
		68E23C812476ABBA00A0C776 /* Sources */ = {
			isa = PBXSourcesBuildPhase;
			buildActionMask = 2147483647;
			files = (
				68E23C8A2476ABBA00A0C776 /* LoginUITests.swift in Sources */,
			);
			runOnlyForDeploymentPostprocessing = 0;
		};
/* End PBXSourcesBuildPhase section */

/* Begin PBXTargetDependency section */
		68E23C7C2476ABBA00A0C776 /* PBXTargetDependency */ = {
			isa = PBXTargetDependency;
			target = 68E23C632476ABB800A0C776 /* Login */;
			targetProxy = 68E23C7B2476ABBA00A0C776 /* PBXContainerItemProxy */;
		};
		68E23C872476ABBA00A0C776 /* PBXTargetDependency */ = {
			isa = PBXTargetDependency;
			target = 68E23C632476ABB800A0C776 /* Login */;
			targetProxy = 68E23C862476ABBA00A0C776 /* PBXContainerItemProxy */;
		};
/* End PBXTargetDependency section */

/* Begin PBXVariantGroup section */
		68E23C6D2476ABB800A0C776 /* Main.storyboard */ = {
			isa = PBXVariantGroup;
			children = (
				68E23C6E2476ABB800A0C776 /* Base */,
			);
			name = Main.storyboard;
			sourceTree = "<group>";
		};
		68E23C722476ABB900A0C776 /* LaunchScreen.storyboard */ = {
			isa = PBXVariantGroup;
			children = (
				68E23C732476ABB900A0C776 /* Base */,
			);
			name = LaunchScreen.storyboard;
			sourceTree = "<group>";
		};
/* End PBXVariantGroup section */

/* Begin XCBuildConfiguration section */
		68E23C8C2476ABBA00A0C776 /* Debug */ = {
			isa = XCBuildConfiguration;
			buildSettings = {
				ALWAYS_SEARCH_USER_PATHS = NO;
				CLANG_ANALYZER_NONNULL = YES;
				CLANG_ANALYZER_NUMBER_OBJECT_CONVERSION = YES_AGGRESSIVE;
				CLANG_CXX_LANGUAGE_STANDARD = "gnu++14";
				CLANG_CXX_LIBRARY = "libc++";
				CLANG_ENABLE_MODULES = YES;
				CLANG_ENABLE_OBJC_ARC = YES;
				CLANG_ENABLE_OBJC_WEAK = YES;
				CLANG_WARN_BLOCK_CAPTURE_AUTORELEASING = YES;
				CLANG_WARN_BOOL_CONVERSION = YES;
				CLANG_WARN_COMMA = YES;
				CLANG_WARN_CONSTANT_CONVERSION = YES;
				CLANG_WARN_DEPRECATED_OBJC_IMPLEMENTATIONS = YES;
				CLANG_WARN_DIRECT_OBJC_ISA_USAGE = YES_ERROR;
				CLANG_WARN_DOCUMENTATION_COMMENTS = YES;
				CLANG_WARN_EMPTY_BODY = YES;
				CLANG_WARN_ENUM_CONVERSION = YES;
				CLANG_WARN_INFINITE_RECURSION = YES;
				CLANG_WARN_INT_CONVERSION = YES;
				CLANG_WARN_NON_LITERAL_NULL_CONVERSION = YES;
				CLANG_WARN_OBJC_IMPLICIT_RETAIN_SELF = YES;
				CLANG_WARN_OBJC_LITERAL_CONVERSION = YES;
				CLANG_WARN_OBJC_ROOT_CLASS = YES_ERROR;
				CLANG_WARN_RANGE_LOOP_ANALYSIS = YES;
				CLANG_WARN_STRICT_PROTOTYPES = YES;
				CLANG_WARN_SUSPICIOUS_MOVE = YES;
				CLANG_WARN_UNGUARDED_AVAILABILITY = YES_AGGRESSIVE;
				CLANG_WARN_UNREACHABLE_CODE = YES;
				CLANG_WARN__DUPLICATE_METHOD_MATCH = YES;
				COPY_PHASE_STRIP = NO;
				DEBUG_INFORMATION_FORMAT = dwarf;
				ENABLE_STRICT_OBJC_MSGSEND = YES;
				ENABLE_TESTABILITY = YES;
				GCC_C_LANGUAGE_STANDARD = gnu11;
				GCC_DYNAMIC_NO_PIC = NO;
				GCC_NO_COMMON_BLOCKS = YES;
				GCC_OPTIMIZATION_LEVEL = 0;
				GCC_PREPROCESSOR_DEFINITIONS = (
					"DEBUG=1",
					"$(inherited)",
				);
				GCC_WARN_64_TO_32_BIT_CONVERSION = YES;
				GCC_WARN_ABOUT_RETURN_TYPE = YES_ERROR;
				GCC_WARN_UNDECLARED_SELECTOR = YES;
				GCC_WARN_UNINITIALIZED_AUTOS = YES_AGGRESSIVE;
				GCC_WARN_UNUSED_FUNCTION = YES;
				GCC_WARN_UNUSED_VARIABLE = YES;
				IPHONEOS_DEPLOYMENT_TARGET = 13.2;
				MTL_ENABLE_DEBUG_INFO = INCLUDE_SOURCE;
				MTL_FAST_MATH = YES;
				ONLY_ACTIVE_ARCH = YES;
				SDKROOT = iphoneos;
				SWIFT_ACTIVE_COMPILATION_CONDITIONS = DEBUG;
				SWIFT_OPTIMIZATION_LEVEL = "-Onone";
			};
			name = Debug;
		};
		68E23C8D2476ABBA00A0C776 /* Release */ = {
			isa = XCBuildConfiguration;
			buildSettings = {
				ALWAYS_SEARCH_USER_PATHS = NO;
				CLANG_ANALYZER_NONNULL = YES;
				CLANG_ANALYZER_NUMBER_OBJECT_CONVERSION = YES_AGGRESSIVE;
				CLANG_CXX_LANGUAGE_STANDARD = "gnu++14";
				CLANG_CXX_LIBRARY = "libc++";
				CLANG_ENABLE_MODULES = YES;
				CLANG_ENABLE_OBJC_ARC = YES;
				CLANG_ENABLE_OBJC_WEAK = YES;
				CLANG_WARN_BLOCK_CAPTURE_AUTORELEASING = YES;
				CLANG_WARN_BOOL_CONVERSION = YES;
				CLANG_WARN_COMMA = YES;
				CLANG_WARN_CONSTANT_CONVERSION = YES;
				CLANG_WARN_DEPRECATED_OBJC_IMPLEMENTATIONS = YES;
				CLANG_WARN_DIRECT_OBJC_ISA_USAGE = YES_ERROR;
				CLANG_WARN_DOCUMENTATION_COMMENTS = YES;
				CLANG_WARN_EMPTY_BODY = YES;
				CLANG_WARN_ENUM_CONVERSION = YES;
				CLANG_WARN_INFINITE_RECURSION = YES;
				CLANG_WARN_INT_CONVERSION = YES;
				CLANG_WARN_NON_LITERAL_NULL_CONVERSION = YES;
				CLANG_WARN_OBJC_IMPLICIT_RETAIN_SELF = YES;
				CLANG_WARN_OBJC_LITERAL_CONVERSION = YES;
				CLANG_WARN_OBJC_ROOT_CLASS = YES_ERROR;
				CLANG_WARN_RANGE_LOOP_ANALYSIS = YES;
				CLANG_WARN_STRICT_PROTOTYPES = YES;
				CLANG_WARN_SUSPICIOUS_MOVE = YES;
				CLANG_WARN_UNGUARDED_AVAILABILITY = YES_AGGRESSIVE;
				CLANG_WARN_UNREACHABLE_CODE = YES;
				CLANG_WARN__DUPLICATE_METHOD_MATCH = YES;
				COPY_PHASE_STRIP = NO;
				DEBUG_INFORMATION_FORMAT = "dwarf-with-dsym";
				ENABLE_NS_ASSERTIONS = NO;
				ENABLE_STRICT_OBJC_MSGSEND = YES;
				GCC_C_LANGUAGE_STANDARD = gnu11;
				GCC_NO_COMMON_BLOCKS = YES;
				GCC_WARN_64_TO_32_BIT_CONVERSION = YES;
				GCC_WARN_ABOUT_RETURN_TYPE = YES_ERROR;
				GCC_WARN_UNDECLARED_SELECTOR = YES;
				GCC_WARN_UNINITIALIZED_AUTOS = YES_AGGRESSIVE;
				GCC_WARN_UNUSED_FUNCTION = YES;
				GCC_WARN_UNUSED_VARIABLE = YES;
				IPHONEOS_DEPLOYMENT_TARGET = 13.2;
				MTL_ENABLE_DEBUG_INFO = NO;
				MTL_FAST_MATH = YES;
				SDKROOT = iphoneos;
				SWIFT_COMPILATION_MODE = wholemodule;
				SWIFT_OPTIMIZATION_LEVEL = "-O";
				VALIDATE_PRODUCT = YES;
			};
			name = Release;
		};
		68E23C8F2476ABBA00A0C776 /* Debug */ = {
			isa = XCBuildConfiguration;
			buildSettings = {
				ASSETCATALOG_COMPILER_APPICON_NAME = AppIcon;
				CODE_SIGN_STYLE = Automatic;
				DEVELOPMENT_TEAM = 99XSL3B46C;
				INFOPLIST_FILE = Login/Info.plist;
				LD_RUNPATH_SEARCH_PATHS = (
					"$(inherited)",
					"@executable_path/Frameworks",
				);
				PRODUCT_BUNDLE_IDENTIFIER = PragnyaDesh.Login;
				PRODUCT_NAME = "$(TARGET_NAME)";
				SWIFT_VERSION = 5.0;
				TARGETED_DEVICE_FAMILY = "1,2";
			};
			name = Debug;
		};
		68E23C902476ABBA00A0C776 /* Release */ = {
			isa = XCBuildConfiguration;
			buildSettings = {
				ASSETCATALOG_COMPILER_APPICON_NAME = AppIcon;
				CODE_SIGN_STYLE = Automatic;
				DEVELOPMENT_TEAM = 99XSL3B46C;
				INFOPLIST_FILE = Login/Info.plist;
				LD_RUNPATH_SEARCH_PATHS = (
					"$(inherited)",
					"@executable_path/Frameworks",
				);
				PRODUCT_BUNDLE_IDENTIFIER = PragnyaDesh.Login;
				PRODUCT_NAME = "$(TARGET_NAME)";
				SWIFT_VERSION = 5.0;
				TARGETED_DEVICE_FAMILY = "1,2";
			};
			name = Release;
		};
		68E23C922476ABBA00A0C776 /* Debug */ = {
			isa = XCBuildConfiguration;
			buildSettings = {
				ALWAYS_EMBED_SWIFT_STANDARD_LIBRARIES = YES;
				BUNDLE_LOADER = "$(TEST_HOST)";
				CODE_SIGN_STYLE = Automatic;
				DEVELOPMENT_TEAM = 99XSL3B46C;
				INFOPLIST_FILE = LoginTests/Info.plist;
				IPHONEOS_DEPLOYMENT_TARGET = 13.2;
				LD_RUNPATH_SEARCH_PATHS = (
					"$(inherited)",
					"@executable_path/Frameworks",
					"@loader_path/Frameworks",
				);
				PRODUCT_BUNDLE_IDENTIFIER = PragnyaDesh.LoginTests;
				PRODUCT_NAME = "$(TARGET_NAME)";
				SWIFT_VERSION = 5.0;
				TARGETED_DEVICE_FAMILY = "1,2";
				TEST_HOST = "$(BUILT_PRODUCTS_DIR)/Login.app/Login";
			};
			name = Debug;
		};
		68E23C932476ABBA00A0C776 /* Release */ = {
			isa = XCBuildConfiguration;
			buildSettings = {
				ALWAYS_EMBED_SWIFT_STANDARD_LIBRARIES = YES;
				BUNDLE_LOADER = "$(TEST_HOST)";
				CODE_SIGN_STYLE = Automatic;
				DEVELOPMENT_TEAM = 99XSL3B46C;
				INFOPLIST_FILE = LoginTests/Info.plist;
				IPHONEOS_DEPLOYMENT_TARGET = 13.2;
				LD_RUNPATH_SEARCH_PATHS = (
					"$(inherited)",
					"@executable_path/Frameworks",
					"@loader_path/Frameworks",
				);
				PRODUCT_BUNDLE_IDENTIFIER = PragnyaDesh.LoginTests;
				PRODUCT_NAME = "$(TARGET_NAME)";
				SWIFT_VERSION = 5.0;
				TARGETED_DEVICE_FAMILY = "1,2";
				TEST_HOST = "$(BUILT_PRODUCTS_DIR)/Login.app/Login";
			};
			name = Release;
		};
		68E23C952476ABBA00A0C776 /* Debug */ = {
			isa = XCBuildConfiguration;
			buildSettings = {
				ALWAYS_EMBED_SWIFT_STANDARD_LIBRARIES = YES;
				CODE_SIGN_STYLE = Automatic;
				DEVELOPMENT_TEAM = 99XSL3B46C;
				INFOPLIST_FILE = LoginUITests/Info.plist;
				LD_RUNPATH_SEARCH_PATHS = (
					"$(inherited)",
					"@executable_path/Frameworks",
					"@loader_path/Frameworks",
				);
				PRODUCT_BUNDLE_IDENTIFIER = PragnyaDesh.LoginUITests;
				PRODUCT_NAME = "$(TARGET_NAME)";
				SWIFT_VERSION = 5.0;
				TARGETED_DEVICE_FAMILY = "1,2";
				TEST_TARGET_NAME = Login;
			};
			name = Debug;
		};
		68E23C962476ABBA00A0C776 /* Release */ = {
			isa = XCBuildConfiguration;
			buildSettings = {
				ALWAYS_EMBED_SWIFT_STANDARD_LIBRARIES = YES;
				CODE_SIGN_STYLE = Automatic;
				DEVELOPMENT_TEAM = 99XSL3B46C;
				INFOPLIST_FILE = LoginUITests/Info.plist;
				LD_RUNPATH_SEARCH_PATHS = (
					"$(inherited)",
					"@executable_path/Frameworks",
					"@loader_path/Frameworks",
				);
				PRODUCT_BUNDLE_IDENTIFIER = PragnyaDesh.LoginUITests;
				PRODUCT_NAME = "$(TARGET_NAME)";
				SWIFT_VERSION = 5.0;
				TARGETED_DEVICE_FAMILY = "1,2";
				TEST_TARGET_NAME = Login;
			};
			name = Release;
		};
/* End XCBuildConfiguration section */

/* Begin XCConfigurationList section */
		68E23C5F2476ABB800A0C776 /* Build configuration list for PBXProject "Login" */ = {
			isa = XCConfigurationList;
			buildConfigurations = (
				68E23C8C2476ABBA00A0C776 /* Debug */,
				68E23C8D2476ABBA00A0C776 /* Release */,
			);
			defaultConfigurationIsVisible = 0;
			defaultConfigurationName = Release;
		};
		68E23C8E2476ABBA00A0C776 /* Build configuration list for PBXNativeTarget "Login" */ = {
			isa = XCConfigurationList;
			buildConfigurations = (
				68E23C8F2476ABBA00A0C776 /* Debug */,
				68E23C902476ABBA00A0C776 /* Release */,
			);
			defaultConfigurationIsVisible = 0;
			defaultConfigurationName = Release;
		};
		68E23C912476ABBA00A0C776 /* Build configuration list for PBXNativeTarget "LoginTests" */ = {
			isa = XCConfigurationList;
			buildConfigurations = (
				68E23C922476ABBA00A0C776 /* Debug */,
				68E23C932476ABBA00A0C776 /* Release */,
			);
			defaultConfigurationIsVisible = 0;
			defaultConfigurationName = Release;
		};
		68E23C942476ABBA00A0C776 /* Build configuration list for PBXNativeTarget "LoginUITests" */ = {
			isa = XCConfigurationList;
			buildConfigurations = (
				68E23C952476ABBA00A0C776 /* Debug */,
				68E23C962476ABBA00A0C776 /* Release */,
			);
			defaultConfigurationIsVisible = 0;
			defaultConfigurationName = Release;
		};
/* End XCConfigurationList section */
	};
	rootObject = 68E23C5C2476ABB800A0C776 /* Project object */;
}
